
Microsoft Visual Studio Solution File, Format Version 12.00
# Visual Studio Version 17
VisualStudioVersion = 17.9.34728.123
MinimumVisualStudioVersion = 10.0.40219.1
Project("{9A19103F-16F7-4668-BE54-9A1E7A4F7556}") = "IsDB_R57_Solely", "IsDB_R57_Solely.csproj", "{77337BC4-F3BF-406C-AE7F-D6AE9B0746E4}"
EndProject
Global
	GlobalSection(SolutionConfigurationPlatforms) = preSolution
		Debug|Any CPU = Debug|Any CPU
		Release|Any CPU = Release|Any CPU
	EndGlobalSection
	GlobalSection(ProjectConfigurationPlatforms) = postSolution
		{77337BC4-F3BF-406C-AE7F-D6AE9B0746E4}.Debug|Any CPU.ActiveCfg = Debug|Any CPU
		{77337BC4-F3BF-406C-AE7F-D6AE9B0746E4}.Debug|Any CPU.Build.0 = Debug|Any CPU
		{77337BC4-F3BF-406C-AE7F-D6AE9B0746E4}.Release|Any CPU.ActiveCfg = Release|Any CPU
		{77337BC4-F3BF-406C-AE7F-D6AE9B0746E4}.Release|Any CPU.Build.0 = Release|Any CPU
	EndGlobalSection
	GlobalSection(SolutionProperties) = preSolution
		HideSolutionNode = FALSE
	EndGlobalSection
	GlobalSection(ExtensibilityGlobals) = postSolution
		SolutionGuid = {F6838E19-392B-4479-B832-AEBF2D81E524}
	EndGlobalSection
EndGlobal
